// !$*UTF8*$!
{
	archiveVersion = 1;
	classes = {
	};
	objectVersion = 56;
	objects = {

/* Begin PBXBuildFile section */
		9634F4422980584B004AA66F /* AppDelegate.swift in Sources */ = {isa = PBXBuildFile; fileRef = 9634F4412980584B004AA66F /* AppDelegate.swift */; };
		9634F4442980584B004AA66F /* SceneDelegate.swift in Sources */ = {isa = PBXBuildFile; fileRef = 9634F4432980584B004AA66F /* SceneDelegate.swift */; };
		9634F4462980584B004AA66F /* GNBProductSelectionViewController.swift in Sources */ = {isa = PBXBuildFile; fileRef = 9634F4452980584B004AA66F /* GNBProductSelectionViewController.swift */; };
		9634F44B2980584C004AA66F /* Assets.xcassets in Resources */ = {isa = PBXBuildFile; fileRef = 9634F44A2980584C004AA66F /* Assets.xcassets */; };
		9634F44E2980584C004AA66F /* LaunchScreen.storyboard in Resources */ = {isa = PBXBuildFile; fileRef = 9634F44C2980584C004AA66F /* LaunchScreen.storyboard */; };
		9634F4592980584C004AA66F /* GoliathNationalBankTradesTests.swift in Sources */ = {isa = PBXBuildFile; fileRef = 9634F4582980584C004AA66F /* GoliathNationalBankTradesTests.swift */; };
		9634F4632980584C004AA66F /* GoliathNationalBankTradesUITests.swift in Sources */ = {isa = PBXBuildFile; fileRef = 9634F4622980584C004AA66F /* GoliathNationalBankTradesUITests.swift */; };
		9634F4652980584C004AA66F /* GoliathNationalBankTradesUITestsLaunchTests.swift in Sources */ = {isa = PBXBuildFile; fileRef = 9634F4642980584C004AA66F /* GoliathNationalBankTradesUITestsLaunchTests.swift */; };
		9634F47929805CC7004AA66F /* Boxing.swift in Sources */ = {isa = PBXBuildFile; fileRef = 9634F47829805CC7004AA66F /* Boxing.swift */; };
		9634F47B29806C64004AA66F /* GNBEndpoint.swift in Sources */ = {isa = PBXBuildFile; fileRef = 9634F47A29806C64004AA66F /* GNBEndpoint.swift */; };
		9634F47E298070DD004AA66F /* GNBCurrencyRates+Decodable.swift in Sources */ = {isa = PBXBuildFile; fileRef = 9634F47D298070DD004AA66F /* GNBCurrencyRates+Decodable.swift */; };
		9634F48029807294004AA66F /* GNBProductTransactionList+Decodable.swift in Sources */ = {isa = PBXBuildFile; fileRef = 9634F47F29807294004AA66F /* GNBProductTransactionList+Decodable.swift */; };
		9634F4832980745C004AA66F /* GNBCurrencyRates+Entity.swift in Sources */ = {isa = PBXBuildFile; fileRef = 9634F4822980745C004AA66F /* GNBCurrencyRates+Entity.swift */; };
		9634F4852980746D004AA66F /* GNBProductTransactionList+Entity.swift in Sources */ = {isa = PBXBuildFile; fileRef = 9634F4842980746D004AA66F /* GNBProductTransactionList+Entity.swift */; };
		9634F4882981998F004AA66F /* GNBProductTransactions+Repository.swift in Sources */ = {isa = PBXBuildFile; fileRef = 9634F4872981998F004AA66F /* GNBProductTransactions+Repository.swift */; };
		9634F48B29819BC8004AA66F /* GNBProductTransactions+UseCase.swift in Sources */ = {isa = PBXBuildFile; fileRef = 9634F48A29819BC8004AA66F /* GNBProductTransactions+UseCase.swift */; };
		9634F48D29819F05004AA66F /* GNBTransaction+Decodable.swift in Sources */ = {isa = PBXBuildFile; fileRef = 9634F48C29819F05004AA66F /* GNBTransaction+Decodable.swift */; };
		9634F4912981A0D5004AA66F /* GNBTransaction+Entity.swift in Sources */ = {isa = PBXBuildFile; fileRef = 9634F4902981A0D5004AA66F /* GNBTransaction+Entity.swift */; };
		9634F4972981BBE1004AA66F /* GNBProductSelectionViewModel.swift in Sources */ = {isa = PBXBuildFile; fileRef = 9634F4962981BBE1004AA66F /* GNBProductSelectionViewModel.swift */; };
		9634F4992981C093004AA66F /* GNBProductSelectionViewController+Constraints.swift in Sources */ = {isa = PBXBuildFile; fileRef = 9634F4982981C093004AA66F /* GNBProductSelectionViewController+Constraints.swift */; };
		9634F49B2981C12A004AA66F /* GNBProductSelectionViewController+Delegate.swift in Sources */ = {isa = PBXBuildFile; fileRef = 9634F49A2981C12A004AA66F /* GNBProductSelectionViewController+Delegate.swift */; };
		9634F49D2981C135004AA66F /* GNBProductSelectionViewController+Datasource.swift in Sources */ = {isa = PBXBuildFile; fileRef = 9634F49C2981C135004AA66F /* GNBProductSelectionViewController+Datasource.swift */; };
		9634F49F2981C246004AA66F /* GNBProductSelectionModel.swift in Sources */ = {isa = PBXBuildFile; fileRef = 9634F49E2981C246004AA66F /* GNBProductSelectionModel.swift */; };
		9634F4A22981E317004AA66F /* GNBProductSelectorCell.swift in Sources */ = {isa = PBXBuildFile; fileRef = 9634F4A12981E317004AA66F /* GNBProductSelectorCell.swift */; };
		9634F4A42981E34D004AA66F /* GNBProductSelectorCell+Constraints.swift in Sources */ = {isa = PBXBuildFile; fileRef = 9634F4A32981E34D004AA66F /* GNBProductSelectorCell+Constraints.swift */; };
		9634F4A62981E355004AA66F /* GNBProductSelectorCell+Constants.swift in Sources */ = {isa = PBXBuildFile; fileRef = 9634F4A52981E355004AA66F /* GNBProductSelectorCell+Constants.swift */; };
		9634F4A929828003004AA66F /* GNBBaseViewController.swift in Sources */ = {isa = PBXBuildFile; fileRef = 9634F4A829828003004AA66F /* GNBBaseViewController.swift */; };
		9634F4AD2982826C004AA66F /* LoadingStatus.swift in Sources */ = {isa = PBXBuildFile; fileRef = 9634F4AC2982826C004AA66F /* LoadingStatus.swift */; };
		9634F4AF29828499004AA66F /* GNBSpinnerViewController.swift in Sources */ = {isa = PBXBuildFile; fileRef = 9634F4AE29828499004AA66F /* GNBSpinnerViewController.swift */; };
		9634F4B22982850D004AA66F /* GNBSpinnerViewController+Constraints.swift in Sources */ = {isa = PBXBuildFile; fileRef = 9634F4B12982850D004AA66F /* GNBSpinnerViewController+Constraints.swift */; };
		9634F4B4298288AC004AA66F /* GNBSpinnerViewController+Constants.swift in Sources */ = {isa = PBXBuildFile; fileRef = 9634F4B3298288AC004AA66F /* GNBSpinnerViewController+Constants.swift */; };
		9634F4B82982A08C004AA66F /* UIView+SafeAnchor.swift in Sources */ = {isa = PBXBuildFile; fileRef = 9634F4B72982A08C004AA66F /* UIView+SafeAnchor.swift */; };
		9634F4BA2982A0D9004AA66F /* Array+RemoveDuplicates.swift in Sources */ = {isa = PBXBuildFile; fileRef = 9634F4B92982A0D9004AA66F /* Array+RemoveDuplicates.swift */; };
		9634F4BC2982A20E004AA66F /* GNBError.swift in Sources */ = {isa = PBXBuildFile; fileRef = 9634F4BB2982A20E004AA66F /* GNBError.swift */; };
		9634F4BE2982B9C1004AA66F /* MainCoordinator.swift in Sources */ = {isa = PBXBuildFile; fileRef = 9634F4BD2982B9C1004AA66F /* MainCoordinator.swift */; };
		9634F4C02982BFF5004AA66F /* GNBProductSelectionViewController+Constants.swift in Sources */ = {isa = PBXBuildFile; fileRef = 9634F4BF2982BFF5004AA66F /* GNBProductSelectionViewController+Constants.swift */; };
		9634F4C62982C868004AA66F /* GNBProductDetailViewController.swift in Sources */ = {isa = PBXBuildFile; fileRef = 9634F4C52982C868004AA66F /* GNBProductDetailViewController.swift */; };
		9634F4C82982C873004AA66F /* GNBProductDetailViewModel.swift in Sources */ = {isa = PBXBuildFile; fileRef = 9634F4C72982C873004AA66F /* GNBProductDetailViewModel.swift */; };
		9634F4CA2982CA38004AA66F /* GNBProductDetailViewController+Constants.swift in Sources */ = {isa = PBXBuildFile; fileRef = 9634F4C92982CA38004AA66F /* GNBProductDetailViewController+Constants.swift */; };
		9634F4CD2982D461004AA66F /* GNBProductDetailBalanceView.swift in Sources */ = {isa = PBXBuildFile; fileRef = 9634F4CC2982D461004AA66F /* GNBProductDetailBalanceView.swift */; };
		9634F4CF2982D677004AA66F /* GNBProductDetailViewController+Constraints.swift in Sources */ = {isa = PBXBuildFile; fileRef = 9634F4CE2982D677004AA66F /* GNBProductDetailViewController+Constraints.swift */; };
		9634F4D22982E241004AA66F /* GNBProductDetailViewController+Datasource.swift in Sources */ = {isa = PBXBuildFile; fileRef = 9634F4D12982E241004AA66F /* GNBProductDetailViewController+Datasource.swift */; };
		9634F4D52982E66D004AA66F /* GNBProductTransactionCell.swift in Sources */ = {isa = PBXBuildFile; fileRef = 9634F4D42982E66D004AA66F /* GNBProductTransactionCell.swift */; };
		9634F4D72982E6C6004AA66F /* GNBProductTransactionCell+Constants.swift in Sources */ = {isa = PBXBuildFile; fileRef = 9634F4D62982E6C6004AA66F /* GNBProductTransactionCell+Constants.swift */; };
		9634F4D92982E6D0004AA66F /* GNBProductTransactionCell+Constraints.swift in Sources */ = {isa = PBXBuildFile; fileRef = 9634F4D82982E6D0004AA66F /* GNBProductTransactionCell+Constraints.swift */; };
		9634F4DB2982EE32004AA66F /* GNBProductDetailModel.swift in Sources */ = {isa = PBXBuildFile; fileRef = 9634F4DA2982EE32004AA66F /* GNBProductDetailModel.swift */; };
		9634F4DD29830FB2004AA66F /* GNBProductDetailBalanceView+Constraints.swift in Sources */ = {isa = PBXBuildFile; fileRef = 9634F4DC29830FB2004AA66F /* GNBProductDetailBalanceView+Constraints.swift */; };
		9634F4DF29830FED004AA66F /* GNBProductDetailBalanceView+Constants.swift in Sources */ = {isa = PBXBuildFile; fileRef = 9634F4DE29830FED004AA66F /* GNBProductDetailBalanceView+Constants.swift */; };
		9634F4E1298312F2004AA66F /* GNBTransactionCurrencyConversionModel.swift in Sources */ = {isa = PBXBuildFile; fileRef = 9634F4E0298312F2004AA66F /* GNBTransactionCurrencyConversionModel.swift */; };
		9634F4E329832504004AA66F /* GNBCurrencyRates+Repository.swift in Sources */ = {isa = PBXBuildFile; fileRef = 9634F4E229832504004AA66F /* GNBCurrencyRates+Repository.swift */; };
		9634F4E6298334C8004AA66F /* GNBCurrencyRatesList+Decodable.swift in Sources */ = {isa = PBXBuildFile; fileRef = 9634F4E5298334C8004AA66F /* GNBCurrencyRatesList+Decodable.swift */; };
		9634F4E829833536004AA66F /* GNBCurrencyRatesList+Entity.swift in Sources */ = {isa = PBXBuildFile; fileRef = 9634F4E729833536004AA66F /* GNBCurrencyRatesList+Entity.swift */; };
		9634F4ED298335D5004AA66F /* GNBCurrencyRates+UseCase.swift in Sources */ = {isa = PBXBuildFile; fileRef = 9634F4EC298335D5004AA66F /* GNBCurrencyRates+UseCase.swift */; };
		9634F4F129835396004AA66F /* Double+FormatNumberToString.swift in Sources */ = {isa = PBXBuildFile; fileRef = 9634F4F029835396004AA66F /* Double+FormatNumberToString.swift */; };
		9634F4F42983D849004AA66F /* GNBCurrencyRatesUseCase+Test.swift in Sources */ = {isa = PBXBuildFile; fileRef = 9634F4F32983D849004AA66F /* GNBCurrencyRatesUseCase+Test.swift */; };
		9634F4F82983D90F004AA66F /* GNBCurrencyRatesRepositorySuccess+Mock.swift in Sources */ = {isa = PBXBuildFile; fileRef = 9634F4F72983D90F004AA66F /* GNBCurrencyRatesRepositorySuccess+Mock.swift */; };
		9634F4FB2983D9EA004AA66F /* GNBProductTransactionList+Mock.swift in Sources */ = {isa = PBXBuildFile; fileRef = 9634F4FA2983D9EA004AA66F /* GNBProductTransactionList+Mock.swift */; };
		9634F4FD2983E34C004AA66F /* GNBCurrencyRatesList+Mock.swift in Sources */ = {isa = PBXBuildFile; fileRef = 9634F4FC2983E34C004AA66F /* GNBCurrencyRatesList+Mock.swift */; };
		9634F4FF2983E820004AA66F /* GNBCurrencyRatesRepositoryFailure+Mock.swift in Sources */ = {isa = PBXBuildFile; fileRef = 9634F4FE2983E820004AA66F /* GNBCurrencyRatesRepositoryFailure+Mock.swift */; };
		9634F5012983E941004AA66F /* GNBProductTransactionsUseCase+Test.swift in Sources */ = {isa = PBXBuildFile; fileRef = 9634F5002983E941004AA66F /* GNBProductTransactionsUseCase+Test.swift */; };
		9634F5032983EA0E004AA66F /* GNBProductTransactionsRepositoryFailure+Mock.swift in Sources */ = {isa = PBXBuildFile; fileRef = 9634F5022983EA0E004AA66F /* GNBProductTransactionsRepositoryFailure+Mock.swift */; };
		9634F5052983EA87004AA66F /* GNBProductTransactionsRepositorySuccess+Mock.swift in Sources */ = {isa = PBXBuildFile; fileRef = 9634F5042983EA87004AA66F /* GNBProductTransactionsRepositorySuccess+Mock.swift */; };
		9634F50A2983F956004AA66F /* GNBProductSelectionViewModel+Test.swift in Sources */ = {isa = PBXBuildFile; fileRef = 9634F5092983F956004AA66F /* GNBProductSelectionViewModel+Test.swift */; };
		9634F50D2984183E004AA66F /* GNBProductDetailViewModel+Test.swift in Sources */ = {isa = PBXBuildFile; fileRef = 9634F50C2984183E004AA66F /* GNBProductDetailViewModel+Test.swift */; };
		9634F5102985BBE9004AA66F /* GNBHappyPath+UITest.swift in Sources */ = {isa = PBXBuildFile; fileRef = 9634F50F2985BBE9004AA66F /* GNBHappyPath+UITest.swift */; };
		9634F5122985D77B004AA66F /* GNBCurrency+Entity.swift in Sources */ = {isa = PBXBuildFile; fileRef = 9634F5112985D77B004AA66F /* GNBCurrency+Entity.swift */; };
/* End PBXBuildFile section */

/* Begin PBXContainerItemProxy section */
		9634F4552980584C004AA66F /* PBXContainerItemProxy */ = {
			isa = PBXContainerItemProxy;
			containerPortal = 9634F4362980584A004AA66F /* Project object */;
			proxyType = 1;
			remoteGlobalIDString = 9634F43D2980584A004AA66F;
			remoteInfo = GoliathNationalBankTrades;
		};
		9634F45F2980584C004AA66F /* PBXContainerItemProxy */ = {
			isa = PBXContainerItemProxy;
			containerPortal = 9634F4362980584A004AA66F /* Project object */;
			proxyType = 1;
			remoteGlobalIDString = 9634F43D2980584A004AA66F;
			remoteInfo = GoliathNationalBankTrades;
		};
/* End PBXContainerItemProxy section */

/* Begin PBXFileReference section */
		9634F43E2980584A004AA66F /* GoliathNationalBankTrades.app */ = {isa = PBXFileReference; explicitFileType = wrapper.application; includeInIndex = 0; path = GoliathNationalBankTrades.app; sourceTree = BUILT_PRODUCTS_DIR; };
		9634F4412980584B004AA66F /* AppDelegate.swift */ = {isa = PBXFileReference; lastKnownFileType = sourcecode.swift; path = AppDelegate.swift; sourceTree = "<group>"; };
		9634F4432980584B004AA66F /* SceneDelegate.swift */ = {isa = PBXFileReference; lastKnownFileType = sourcecode.swift; path = SceneDelegate.swift; sourceTree = "<group>"; };
		9634F4452980584B004AA66F /* GNBProductSelectionViewController.swift */ = {isa = PBXFileReference; lastKnownFileType = sourcecode.swift; path = GNBProductSelectionViewController.swift; sourceTree = "<group>"; };
		9634F44A2980584C004AA66F /* Assets.xcassets */ = {isa = PBXFileReference; lastKnownFileType = folder.assetcatalog; path = Assets.xcassets; sourceTree = "<group>"; };
		9634F44D2980584C004AA66F /* Base */ = {isa = PBXFileReference; lastKnownFileType = file.storyboard; name = Base; path = Base.lproj/LaunchScreen.storyboard; sourceTree = "<group>"; };
		9634F44F2980584C004AA66F /* Info.plist */ = {isa = PBXFileReference; lastKnownFileType = text.plist.xml; path = Info.plist; sourceTree = "<group>"; };
		9634F4542980584C004AA66F /* GoliathNationalBankTradesTests.xctest */ = {isa = PBXFileReference; explicitFileType = wrapper.cfbundle; includeInIndex = 0; path = GoliathNationalBankTradesTests.xctest; sourceTree = BUILT_PRODUCTS_DIR; };
		9634F4582980584C004AA66F /* GoliathNationalBankTradesTests.swift */ = {isa = PBXFileReference; lastKnownFileType = sourcecode.swift; path = GoliathNationalBankTradesTests.swift; sourceTree = "<group>"; };
		9634F45E2980584C004AA66F /* GoliathNationalBankTradesUITests.xctest */ = {isa = PBXFileReference; explicitFileType = wrapper.cfbundle; includeInIndex = 0; path = GoliathNationalBankTradesUITests.xctest; sourceTree = BUILT_PRODUCTS_DIR; };
		9634F4622980584C004AA66F /* GoliathNationalBankTradesUITests.swift */ = {isa = PBXFileReference; lastKnownFileType = sourcecode.swift; path = GoliathNationalBankTradesUITests.swift; sourceTree = "<group>"; };
		9634F4642980584C004AA66F /* GoliathNationalBankTradesUITestsLaunchTests.swift */ = {isa = PBXFileReference; lastKnownFileType = sourcecode.swift; path = GoliathNationalBankTradesUITestsLaunchTests.swift; sourceTree = "<group>"; };
		9634F47829805CC7004AA66F /* Boxing.swift */ = {isa = PBXFileReference; lastKnownFileType = sourcecode.swift; path = Boxing.swift; sourceTree = "<group>"; };
		9634F47A29806C64004AA66F /* GNBEndpoint.swift */ = {isa = PBXFileReference; lastKnownFileType = sourcecode.swift; path = GNBEndpoint.swift; sourceTree = "<group>"; };
		9634F47D298070DD004AA66F /* GNBCurrencyRates+Decodable.swift */ = {isa = PBXFileReference; lastKnownFileType = sourcecode.swift; path = "GNBCurrencyRates+Decodable.swift"; sourceTree = "<group>"; };
		9634F47F29807294004AA66F /* GNBProductTransactionList+Decodable.swift */ = {isa = PBXFileReference; lastKnownFileType = sourcecode.swift; path = "GNBProductTransactionList+Decodable.swift"; sourceTree = "<group>"; };
		9634F4822980745C004AA66F /* GNBCurrencyRates+Entity.swift */ = {isa = PBXFileReference; lastKnownFileType = sourcecode.swift; path = "GNBCurrencyRates+Entity.swift"; sourceTree = "<group>"; };
		9634F4842980746D004AA66F /* GNBProductTransactionList+Entity.swift */ = {isa = PBXFileReference; lastKnownFileType = sourcecode.swift; path = "GNBProductTransactionList+Entity.swift"; sourceTree = "<group>"; };
		9634F4872981998F004AA66F /* GNBProductTransactions+Repository.swift */ = {isa = PBXFileReference; lastKnownFileType = sourcecode.swift; path = "GNBProductTransactions+Repository.swift"; sourceTree = "<group>"; };
		9634F48A29819BC8004AA66F /* GNBProductTransactions+UseCase.swift */ = {isa = PBXFileReference; lastKnownFileType = sourcecode.swift; path = "GNBProductTransactions+UseCase.swift"; sourceTree = "<group>"; };
		9634F48C29819F05004AA66F /* GNBTransaction+Decodable.swift */ = {isa = PBXFileReference; lastKnownFileType = sourcecode.swift; path = "GNBTransaction+Decodable.swift"; sourceTree = "<group>"; };
		9634F4902981A0D5004AA66F /* GNBTransaction+Entity.swift */ = {isa = PBXFileReference; lastKnownFileType = sourcecode.swift; path = "GNBTransaction+Entity.swift"; sourceTree = "<group>"; };
		9634F4962981BBE1004AA66F /* GNBProductSelectionViewModel.swift */ = {isa = PBXFileReference; lastKnownFileType = sourcecode.swift; path = GNBProductSelectionViewModel.swift; sourceTree = "<group>"; };
		9634F4982981C093004AA66F /* GNBProductSelectionViewController+Constraints.swift */ = {isa = PBXFileReference; lastKnownFileType = sourcecode.swift; path = "GNBProductSelectionViewController+Constraints.swift"; sourceTree = "<group>"; };
		9634F49A2981C12A004AA66F /* GNBProductSelectionViewController+Delegate.swift */ = {isa = PBXFileReference; lastKnownFileType = sourcecode.swift; path = "GNBProductSelectionViewController+Delegate.swift"; sourceTree = "<group>"; };
		9634F49C2981C135004AA66F /* GNBProductSelectionViewController+Datasource.swift */ = {isa = PBXFileReference; lastKnownFileType = sourcecode.swift; path = "GNBProductSelectionViewController+Datasource.swift"; sourceTree = "<group>"; };
		9634F49E2981C246004AA66F /* GNBProductSelectionModel.swift */ = {isa = PBXFileReference; lastKnownFileType = sourcecode.swift; path = GNBProductSelectionModel.swift; sourceTree = "<group>"; };
		9634F4A12981E317004AA66F /* GNBProductSelectorCell.swift */ = {isa = PBXFileReference; lastKnownFileType = sourcecode.swift; path = GNBProductSelectorCell.swift; sourceTree = "<group>"; };
		9634F4A32981E34D004AA66F /* GNBProductSelectorCell+Constraints.swift */ = {isa = PBXFileReference; lastKnownFileType = sourcecode.swift; path = "GNBProductSelectorCell+Constraints.swift"; sourceTree = "<group>"; };
		9634F4A52981E355004AA66F /* GNBProductSelectorCell+Constants.swift */ = {isa = PBXFileReference; lastKnownFileType = sourcecode.swift; path = "GNBProductSelectorCell+Constants.swift"; sourceTree = "<group>"; };
		9634F4A829828003004AA66F /* GNBBaseViewController.swift */ = {isa = PBXFileReference; lastKnownFileType = sourcecode.swift; path = GNBBaseViewController.swift; sourceTree = "<group>"; };
		9634F4AC2982826C004AA66F /* LoadingStatus.swift */ = {isa = PBXFileReference; lastKnownFileType = sourcecode.swift; path = LoadingStatus.swift; sourceTree = "<group>"; };
		9634F4AE29828499004AA66F /* GNBSpinnerViewController.swift */ = {isa = PBXFileReference; lastKnownFileType = sourcecode.swift; path = GNBSpinnerViewController.swift; sourceTree = "<group>"; };
		9634F4B12982850D004AA66F /* GNBSpinnerViewController+Constraints.swift */ = {isa = PBXFileReference; lastKnownFileType = sourcecode.swift; path = "GNBSpinnerViewController+Constraints.swift"; sourceTree = "<group>"; };
		9634F4B3298288AC004AA66F /* GNBSpinnerViewController+Constants.swift */ = {isa = PBXFileReference; lastKnownFileType = sourcecode.swift; path = "GNBSpinnerViewController+Constants.swift"; sourceTree = "<group>"; };
		9634F4B72982A08C004AA66F /* UIView+SafeAnchor.swift */ = {isa = PBXFileReference; lastKnownFileType = sourcecode.swift; path = "UIView+SafeAnchor.swift"; sourceTree = "<group>"; };
		9634F4B92982A0D9004AA66F /* Array+RemoveDuplicates.swift */ = {isa = PBXFileReference; lastKnownFileType = sourcecode.swift; path = "Array+RemoveDuplicates.swift"; sourceTree = "<group>"; };
		9634F4BB2982A20E004AA66F /* GNBError.swift */ = {isa = PBXFileReference; lastKnownFileType = sourcecode.swift; path = GNBError.swift; sourceTree = "<group>"; };
		9634F4BD2982B9C1004AA66F /* MainCoordinator.swift */ = {isa = PBXFileReference; lastKnownFileType = sourcecode.swift; path = MainCoordinator.swift; sourceTree = "<group>"; };
		9634F4BF2982BFF5004AA66F /* GNBProductSelectionViewController+Constants.swift */ = {isa = PBXFileReference; lastKnownFileType = sourcecode.swift; path = "GNBProductSelectionViewController+Constants.swift"; sourceTree = "<group>"; };
		9634F4C52982C868004AA66F /* GNBProductDetailViewController.swift */ = {isa = PBXFileReference; lastKnownFileType = sourcecode.swift; path = GNBProductDetailViewController.swift; sourceTree = "<group>"; };
		9634F4C72982C873004AA66F /* GNBProductDetailViewModel.swift */ = {isa = PBXFileReference; lastKnownFileType = sourcecode.swift; path = GNBProductDetailViewModel.swift; sourceTree = "<group>"; };
		9634F4C92982CA38004AA66F /* GNBProductDetailViewController+Constants.swift */ = {isa = PBXFileReference; lastKnownFileType = sourcecode.swift; path = "GNBProductDetailViewController+Constants.swift"; sourceTree = "<group>"; };
		9634F4CC2982D461004AA66F /* GNBProductDetailBalanceView.swift */ = {isa = PBXFileReference; lastKnownFileType = sourcecode.swift; path = GNBProductDetailBalanceView.swift; sourceTree = "<group>"; };
		9634F4CE2982D677004AA66F /* GNBProductDetailViewController+Constraints.swift */ = {isa = PBXFileReference; lastKnownFileType = sourcecode.swift; path = "GNBProductDetailViewController+Constraints.swift"; sourceTree = "<group>"; };
		9634F4D12982E241004AA66F /* GNBProductDetailViewController+Datasource.swift */ = {isa = PBXFileReference; lastKnownFileType = sourcecode.swift; path = "GNBProductDetailViewController+Datasource.swift"; sourceTree = "<group>"; };
		9634F4D42982E66D004AA66F /* GNBProductTransactionCell.swift */ = {isa = PBXFileReference; lastKnownFileType = sourcecode.swift; path = GNBProductTransactionCell.swift; sourceTree = "<group>"; };
		9634F4D62982E6C6004AA66F /* GNBProductTransactionCell+Constants.swift */ = {isa = PBXFileReference; lastKnownFileType = sourcecode.swift; path = "GNBProductTransactionCell+Constants.swift"; sourceTree = "<group>"; };
		9634F4D82982E6D0004AA66F /* GNBProductTransactionCell+Constraints.swift */ = {isa = PBXFileReference; lastKnownFileType = sourcecode.swift; path = "GNBProductTransactionCell+Constraints.swift"; sourceTree = "<group>"; };
		9634F4DA2982EE32004AA66F /* GNBProductDetailModel.swift */ = {isa = PBXFileReference; lastKnownFileType = sourcecode.swift; path = GNBProductDetailModel.swift; sourceTree = "<group>"; };
		9634F4DC29830FB2004AA66F /* GNBProductDetailBalanceView+Constraints.swift */ = {isa = PBXFileReference; lastKnownFileType = sourcecode.swift; path = "GNBProductDetailBalanceView+Constraints.swift"; sourceTree = "<group>"; };
		9634F4DE29830FED004AA66F /* GNBProductDetailBalanceView+Constants.swift */ = {isa = PBXFileReference; lastKnownFileType = sourcecode.swift; path = "GNBProductDetailBalanceView+Constants.swift"; sourceTree = "<group>"; };
		9634F4E0298312F2004AA66F /* GNBTransactionCurrencyConversionModel.swift */ = {isa = PBXFileReference; lastKnownFileType = sourcecode.swift; path = GNBTransactionCurrencyConversionModel.swift; sourceTree = "<group>"; };
		9634F4E229832504004AA66F /* GNBCurrencyRates+Repository.swift */ = {isa = PBXFileReference; lastKnownFileType = sourcecode.swift; path = "GNBCurrencyRates+Repository.swift"; sourceTree = "<group>"; };
		9634F4E5298334C8004AA66F /* GNBCurrencyRatesList+Decodable.swift */ = {isa = PBXFileReference; lastKnownFileType = sourcecode.swift; path = "GNBCurrencyRatesList+Decodable.swift"; sourceTree = "<group>"; };
		9634F4E729833536004AA66F /* GNBCurrencyRatesList+Entity.swift */ = {isa = PBXFileReference; lastKnownFileType = sourcecode.swift; path = "GNBCurrencyRatesList+Entity.swift"; sourceTree = "<group>"; };
		9634F4EC298335D5004AA66F /* GNBCurrencyRates+UseCase.swift */ = {isa = PBXFileReference; lastKnownFileType = sourcecode.swift; path = "GNBCurrencyRates+UseCase.swift"; sourceTree = "<group>"; };
		9634F4F029835396004AA66F /* Double+FormatNumberToString.swift */ = {isa = PBXFileReference; lastKnownFileType = sourcecode.swift; name = "Double+FormatNumberToString.swift"; path = "../../../../../../Desktop/Double+FormatNumberToString.swift"; sourceTree = "<group>"; };
		9634F4F32983D849004AA66F /* GNBCurrencyRatesUseCase+Test.swift */ = {isa = PBXFileReference; lastKnownFileType = sourcecode.swift; path = "GNBCurrencyRatesUseCase+Test.swift"; sourceTree = "<group>"; };
		9634F4F72983D90F004AA66F /* GNBCurrencyRatesRepositorySuccess+Mock.swift */ = {isa = PBXFileReference; lastKnownFileType = sourcecode.swift; path = "GNBCurrencyRatesRepositorySuccess+Mock.swift"; sourceTree = "<group>"; };
		9634F4FA2983D9EA004AA66F /* GNBProductTransactionList+Mock.swift */ = {isa = PBXFileReference; lastKnownFileType = sourcecode.swift; path = "GNBProductTransactionList+Mock.swift"; sourceTree = "<group>"; };
		9634F4FC2983E34C004AA66F /* GNBCurrencyRatesList+Mock.swift */ = {isa = PBXFileReference; lastKnownFileType = sourcecode.swift; path = "GNBCurrencyRatesList+Mock.swift"; sourceTree = "<group>"; };
		9634F4FE2983E820004AA66F /* GNBCurrencyRatesRepositoryFailure+Mock.swift */ = {isa = PBXFileReference; lastKnownFileType = sourcecode.swift; path = "GNBCurrencyRatesRepositoryFailure+Mock.swift"; sourceTree = "<group>"; };
		9634F5002983E941004AA66F /* GNBProductTransactionsUseCase+Test.swift */ = {isa = PBXFileReference; lastKnownFileType = sourcecode.swift; path = "GNBProductTransactionsUseCase+Test.swift"; sourceTree = "<group>"; };
		9634F5022983EA0E004AA66F /* GNBProductTransactionsRepositoryFailure+Mock.swift */ = {isa = PBXFileReference; lastKnownFileType = sourcecode.swift; path = "GNBProductTransactionsRepositoryFailure+Mock.swift"; sourceTree = "<group>"; };
		9634F5042983EA87004AA66F /* GNBProductTransactionsRepositorySuccess+Mock.swift */ = {isa = PBXFileReference; lastKnownFileType = sourcecode.swift; path = "GNBProductTransactionsRepositorySuccess+Mock.swift"; sourceTree = "<group>"; };
		9634F5092983F956004AA66F /* GNBProductSelectionViewModel+Test.swift */ = {isa = PBXFileReference; lastKnownFileType = sourcecode.swift; path = "GNBProductSelectionViewModel+Test.swift"; sourceTree = "<group>"; };
		9634F50C2984183E004AA66F /* GNBProductDetailViewModel+Test.swift */ = {isa = PBXFileReference; lastKnownFileType = sourcecode.swift; path = "GNBProductDetailViewModel+Test.swift"; sourceTree = "<group>"; };
		9634F50F2985BBE9004AA66F /* GNBHappyPath+UITest.swift */ = {isa = PBXFileReference; lastKnownFileType = sourcecode.swift; path = "GNBHappyPath+UITest.swift"; sourceTree = "<group>"; };
		9634F5112985D77B004AA66F /* GNBCurrency+Entity.swift */ = {isa = PBXFileReference; lastKnownFileType = sourcecode.swift; path = "GNBCurrency+Entity.swift"; sourceTree = "<group>"; };
/* End PBXFileReference section */

/* Begin PBXFrameworksBuildPhase section */
		9634F43B2980584A004AA66F /* Frameworks */ = {
			isa = PBXFrameworksBuildPhase;
			buildActionMask = 2147483647;
			files = (
			);
			runOnlyForDeploymentPostprocessing = 0;
		};
		9634F4512980584C004AA66F /* Frameworks */ = {
			isa = PBXFrameworksBuildPhase;
			buildActionMask = 2147483647;
			files = (
			);
			runOnlyForDeploymentPostprocessing = 0;
		};
		9634F45B2980584C004AA66F /* Frameworks */ = {
			isa = PBXFrameworksBuildPhase;
			buildActionMask = 2147483647;
			files = (
			);
			runOnlyForDeploymentPostprocessing = 0;
		};
/* End PBXFrameworksBuildPhase section */

/* Begin PBXGroup section */
		9634F4352980584A004AA66F = {
			isa = PBXGroup;
			children = (
				9634F4402980584B004AA66F /* GoliathNationalBankTrades */,
				9634F4572980584C004AA66F /* GoliathNationalBankTradesTests */,
				9634F4612980584C004AA66F /* GoliathNationalBankTradesUITests */,
				9634F43F2980584A004AA66F /* Products */,
			);
			sourceTree = "<group>";
		};
		9634F43F2980584A004AA66F /* Products */ = {
			isa = PBXGroup;
			children = (
				9634F43E2980584A004AA66F /* GoliathNationalBankTrades.app */,
				9634F4542980584C004AA66F /* GoliathNationalBankTradesTests.xctest */,
				9634F45E2980584C004AA66F /* GoliathNationalBankTradesUITests.xctest */,
			);
			name = Products;
			sourceTree = "<group>";
		};
		9634F4402980584B004AA66F /* GoliathNationalBankTrades */ = {
			isa = PBXGroup;
			children = (
				9634F47529805BE1004AA66F /* Base */,
				9634F47129805B59004AA66F /* Data */,
				9634F47229805B60004AA66F /* Domain */,
				9634F47329805B69004AA66F /* Presentation */,
				9634F47429805BBB004AA66F /* Resources */,
				9634F4B52982A06B004AA66F /* Utils */,
				9634F44F2980584C004AA66F /* Info.plist */,
			);
			path = GoliathNationalBankTrades;
			sourceTree = "<group>";
		};
		9634F4572980584C004AA66F /* GoliathNationalBankTradesTests */ = {
			isa = PBXGroup;
			children = (
				9634F4582980584C004AA66F /* GoliathNationalBankTradesTests.swift */,
				9634F4F52983D8E0004AA66F /* Mock */,
				9634F4F22983D828004AA66F /* Domain */,
				9634F5062983F8ED004AA66F /* Presentation */,
			);
			path = GoliathNationalBankTradesTests;
			sourceTree = "<group>";
		};
		9634F4612980584C004AA66F /* GoliathNationalBankTradesUITests */ = {
			isa = PBXGroup;
			children = (
				9634F4622980584C004AA66F /* GoliathNationalBankTradesUITests.swift */,
				9634F4642980584C004AA66F /* GoliathNationalBankTradesUITestsLaunchTests.swift */,
				9634F50E2985BBB6004AA66F /* HappyPath */,
			);
			path = GoliathNationalBankTradesUITests;
			sourceTree = "<group>";
		};
		9634F47129805B59004AA66F /* Data */ = {
			isa = PBXGroup;
			children = (
				9634F47A29806C64004AA66F /* GNBEndpoint.swift */,
				9634F47C29807086004AA66F /* Decodables */,
				9634F48629819945004AA66F /* Repositories */,
			);
			path = Data;
			sourceTree = "<group>";
		};
		9634F47229805B60004AA66F /* Domain */ = {
			isa = PBXGroup;
			children = (
				9634F48129807447004AA66F /* Entities */,
				9634F48929819BB6004AA66F /* UseCases */,
			);
			path = Domain;
			sourceTree = "<group>";
		};
		9634F47329805B69004AA66F /* Presentation */ = {
			isa = PBXGroup;
			children = (
				9634F47629805C26004AA66F /* Coordinator */,
				9634F4A729827FE2004AA66F /* Base */,
				9634F47729805C2E004AA66F /* Features */,
			);
			path = Presentation;
			sourceTree = "<group>";
		};
		9634F47429805BBB004AA66F /* Resources */ = {
			isa = PBXGroup;
			children = (
				9634F44A2980584C004AA66F /* Assets.xcassets */,
				9634F44C2980584C004AA66F /* LaunchScreen.storyboard */,
			);
			path = Resources;
			sourceTree = "<group>";
		};
		9634F47529805BE1004AA66F /* Base */ = {
			isa = PBXGroup;
			children = (
				9634F4412980584B004AA66F /* AppDelegate.swift */,
				9634F4432980584B004AA66F /* SceneDelegate.swift */,
				9634F47829805CC7004AA66F /* Boxing.swift */,
				9634F4AC2982826C004AA66F /* LoadingStatus.swift */,
				9634F4BB2982A20E004AA66F /* GNBError.swift */,
			);
			path = Base;
			sourceTree = "<group>";
		};
		9634F47629805C26004AA66F /* Coordinator */ = {
			isa = PBXGroup;
			children = (
				9634F4BD2982B9C1004AA66F /* MainCoordinator.swift */,
			);
			path = Coordinator;
			sourceTree = "<group>";
		};
		9634F47729805C2E004AA66F /* Features */ = {
			isa = PBXGroup;
			children = (
				9634F4922981BB54004AA66F /* ProductSelection */,
				9634F4C12982C828004AA66F /* ProductDetail */,
			);
			path = Features;
			sourceTree = "<group>";
		};
		9634F47C29807086004AA66F /* Decodables */ = {
			isa = PBXGroup;
			children = (
				9634F48E29819FBA004AA66F /* Transactions */,
				9634F4E4298334AC004AA66F /* CurrencyRates */,
			);
			path = Decodables;
			sourceTree = "<group>";
		};
		9634F48129807447004AA66F /* Entities */ = {
			isa = PBXGroup;
			children = (
				9634F5112985D77B004AA66F /* GNBCurrency+Entity.swift */,
				9634F48F2981A0B5004AA66F /* Transactions */,
				9634F4E929833542004AA66F /* CurrencyRates */,
			);
			path = Entities;
			sourceTree = "<group>";
		};
		9634F48629819945004AA66F /* Repositories */ = {
			isa = PBXGroup;
			children = (
				9634F4EF29833652004AA66F /* Transactions */,
				9634F4EE29833648004AA66F /* CurrencyRates */,
			);
			path = Repositories;
			sourceTree = "<group>";
		};
		9634F48929819BB6004AA66F /* UseCases */ = {
			isa = PBXGroup;
			children = (
				9634F4EA298335B4004AA66F /* Transactions */,
				9634F4EB298335BA004AA66F /* CurrencyRates */,
			);
			path = UseCases;
			sourceTree = "<group>";
		};
		9634F48E29819FBA004AA66F /* Transactions */ = {
			isa = PBXGroup;
			children = (
				9634F47F29807294004AA66F /* GNBProductTransactionList+Decodable.swift */,
				9634F48C29819F05004AA66F /* GNBTransaction+Decodable.swift */,
			);
			path = Transactions;
			sourceTree = "<group>";
		};
		9634F48F2981A0B5004AA66F /* Transactions */ = {
			isa = PBXGroup;
			children = (
				9634F4842980746D004AA66F /* GNBProductTransactionList+Entity.swift */,
				9634F4902981A0D5004AA66F /* GNBTransaction+Entity.swift */,
			);
			path = Transactions;
			sourceTree = "<group>";
		};
		9634F4922981BB54004AA66F /* ProductSelection */ = {
			isa = PBXGroup;
			children = (
				9634F4952981BB75004AA66F /* Model */,
				9634F4942981BB6F004AA66F /* View */,
				9634F4932981BB65004AA66F /* ViewModel */,
			);
			path = ProductSelection;
			sourceTree = "<group>";
		};
		9634F4932981BB65004AA66F /* ViewModel */ = {
			isa = PBXGroup;
			children = (
				9634F4962981BBE1004AA66F /* GNBProductSelectionViewModel.swift */,
			);
			path = ViewModel;
			sourceTree = "<group>";
		};
		9634F4942981BB6F004AA66F /* View */ = {
			isa = PBXGroup;
			children = (
				9634F4A02981E310004AA66F /* GNBProductSelectorCell */,
				9634F4452980584B004AA66F /* GNBProductSelectionViewController.swift */,
				9634F4BF2982BFF5004AA66F /* GNBProductSelectionViewController+Constants.swift */,
				9634F4982981C093004AA66F /* GNBProductSelectionViewController+Constraints.swift */,
				9634F49A2981C12A004AA66F /* GNBProductSelectionViewController+Delegate.swift */,
				9634F49C2981C135004AA66F /* GNBProductSelectionViewController+Datasource.swift */,
			);
			path = View;
			sourceTree = "<group>";
		};
		9634F4952981BB75004AA66F /* Model */ = {
			isa = PBXGroup;
			children = (
				9634F49E2981C246004AA66F /* GNBProductSelectionModel.swift */,
			);
			path = Model;
			sourceTree = "<group>";
		};
		9634F4A02981E310004AA66F /* GNBProductSelectorCell */ = {
			isa = PBXGroup;
			children = (
				9634F4A12981E317004AA66F /* GNBProductSelectorCell.swift */,
				9634F4A32981E34D004AA66F /* GNBProductSelectorCell+Constraints.swift */,
				9634F4A52981E355004AA66F /* GNBProductSelectorCell+Constants.swift */,
			);
			path = GNBProductSelectorCell;
			sourceTree = "<group>";
		};
		9634F4A729827FE2004AA66F /* Base */ = {
			isa = PBXGroup;
			children = (
				9634F4A829828003004AA66F /* GNBBaseViewController.swift */,
				9634F4B0298284EE004AA66F /* GNBSpinnerViewController */,
			);
			path = Base;
			sourceTree = "<group>";
		};
		9634F4B0298284EE004AA66F /* GNBSpinnerViewController */ = {
			isa = PBXGroup;
			children = (
				9634F4AE29828499004AA66F /* GNBSpinnerViewController.swift */,
				9634F4B12982850D004AA66F /* GNBSpinnerViewController+Constraints.swift */,
				9634F4B3298288AC004AA66F /* GNBSpinnerViewController+Constants.swift */,
			);
			path = GNBSpinnerViewController;
			sourceTree = "<group>";
		};
		9634F4B52982A06B004AA66F /* Utils */ = {
			isa = PBXGroup;
			children = (
				9634F4B62982A078004AA66F /* Extensions */,
			);
			path = Utils;
			sourceTree = "<group>";
		};
		9634F4B62982A078004AA66F /* Extensions */ = {
			isa = PBXGroup;
			children = (
				9634F4B72982A08C004AA66F /* UIView+SafeAnchor.swift */,
				9634F4B92982A0D9004AA66F /* Array+RemoveDuplicates.swift */,
				9634F4F029835396004AA66F /* Double+FormatNumberToString.swift */,
			);
			path = Extensions;
			sourceTree = "<group>";
		};
		9634F4C12982C828004AA66F /* ProductDetail */ = {
			isa = PBXGroup;
			children = (
				9634F4C42982C848004AA66F /* Model */,
				9634F4C32982C844004AA66F /* View */,
				9634F4C22982C83D004AA66F /* ViewModel */,
			);
			path = ProductDetail;
			sourceTree = "<group>";
		};
		9634F4C22982C83D004AA66F /* ViewModel */ = {
			isa = PBXGroup;
			children = (
				9634F4C72982C873004AA66F /* GNBProductDetailViewModel.swift */,
			);
			path = ViewModel;
			sourceTree = "<group>";
		};
		9634F4C32982C844004AA66F /* View */ = {
			isa = PBXGroup;
			children = (
				9634F4CB2982D44D004AA66F /* GNBProductDetailBalanceView */,
				9634F4D32982E650004AA66F /* GNBProductTransactionCell */,
				9634F4C52982C868004AA66F /* GNBProductDetailViewController.swift */,
				9634F4C92982CA38004AA66F /* GNBProductDetailViewController+Constants.swift */,
				9634F4CE2982D677004AA66F /* GNBProductDetailViewController+Constraints.swift */,
				9634F4D12982E241004AA66F /* GNBProductDetailViewController+Datasource.swift */,
			);
			path = View;
			sourceTree = "<group>";
		};
		9634F4C42982C848004AA66F /* Model */ = {
			isa = PBXGroup;
			children = (
				9634F4DA2982EE32004AA66F /* GNBProductDetailModel.swift */,
				9634F4E0298312F2004AA66F /* GNBTransactionCurrencyConversionModel.swift */,
			);
			path = Model;
			sourceTree = "<group>";
		};
		9634F4CB2982D44D004AA66F /* GNBProductDetailBalanceView */ = {
			isa = PBXGroup;
			children = (
				9634F4CC2982D461004AA66F /* GNBProductDetailBalanceView.swift */,
				9634F4DC29830FB2004AA66F /* GNBProductDetailBalanceView+Constraints.swift */,
				9634F4DE29830FED004AA66F /* GNBProductDetailBalanceView+Constants.swift */,
			);
			path = GNBProductDetailBalanceView;
			sourceTree = "<group>";
		};
		9634F4D32982E650004AA66F /* GNBProductTransactionCell */ = {
			isa = PBXGroup;
			children = (
				9634F4D42982E66D004AA66F /* GNBProductTransactionCell.swift */,
				9634F4D62982E6C6004AA66F /* GNBProductTransactionCell+Constants.swift */,
				9634F4D82982E6D0004AA66F /* GNBProductTransactionCell+Constraints.swift */,
			);
			path = GNBProductTransactionCell;
			sourceTree = "<group>";
		};
		9634F4E4298334AC004AA66F /* CurrencyRates */ = {
			isa = PBXGroup;
			children = (
				9634F4E5298334C8004AA66F /* GNBCurrencyRatesList+Decodable.swift */,
				9634F47D298070DD004AA66F /* GNBCurrencyRates+Decodable.swift */,
			);
			path = CurrencyRates;
			sourceTree = "<group>";
		};
		9634F4E929833542004AA66F /* CurrencyRates */ = {
			isa = PBXGroup;
			children = (
				9634F4E729833536004AA66F /* GNBCurrencyRatesList+Entity.swift */,
				9634F4822980745C004AA66F /* GNBCurrencyRates+Entity.swift */,
			);
			path = CurrencyRates;
			sourceTree = "<group>";
		};
		9634F4EA298335B4004AA66F /* Transactions */ = {
			isa = PBXGroup;
			children = (
				9634F48A29819BC8004AA66F /* GNBProductTransactions+UseCase.swift */,
			);
			path = Transactions;
			sourceTree = "<group>";
		};
		9634F4EB298335BA004AA66F /* CurrencyRates */ = {
			isa = PBXGroup;
			children = (
				9634F4EC298335D5004AA66F /* GNBCurrencyRates+UseCase.swift */,
			);
			path = CurrencyRates;
			sourceTree = "<group>";
		};
		9634F4EE29833648004AA66F /* CurrencyRates */ = {
			isa = PBXGroup;
			children = (
				9634F4E229832504004AA66F /* GNBCurrencyRates+Repository.swift */,
			);
			path = CurrencyRates;
			sourceTree = "<group>";
		};
		9634F4EF29833652004AA66F /* Transactions */ = {
			isa = PBXGroup;
			children = (
				9634F4872981998F004AA66F /* GNBProductTransactions+Repository.swift */,
			);
			path = Transactions;
			sourceTree = "<group>";
		};
		9634F4F22983D828004AA66F /* Domain */ = {
			isa = PBXGroup;
			children = (
				9634F5002983E941004AA66F /* GNBProductTransactionsUseCase+Test.swift */,
				9634F4F32983D849004AA66F /* GNBCurrencyRatesUseCase+Test.swift */,
			);
			path = Domain;
			sourceTree = "<group>";
		};
		9634F4F52983D8E0004AA66F /* Mock */ = {
			isa = PBXGroup;
			children = (
				9634F4F62983D8E6004AA66F /* Repositories */,
				9634F4F92983D9C7004AA66F /* RawData */,
			);
			path = Mock;
			sourceTree = "<group>";
		};
		9634F4F62983D8E6004AA66F /* Repositories */ = {
			isa = PBXGroup;
			children = (
				9634F5042983EA87004AA66F /* GNBProductTransactionsRepositorySuccess+Mock.swift */,
				9634F5022983EA0E004AA66F /* GNBProductTransactionsRepositoryFailure+Mock.swift */,
				9634F4F72983D90F004AA66F /* GNBCurrencyRatesRepositorySuccess+Mock.swift */,
				9634F4FE2983E820004AA66F /* GNBCurrencyRatesRepositoryFailure+Mock.swift */,
			);
			path = Repositories;
			sourceTree = "<group>";
		};
		9634F4F92983D9C7004AA66F /* RawData */ = {
			isa = PBXGroup;
			children = (
				9634F4FA2983D9EA004AA66F /* GNBProductTransactionList+Mock.swift */,
				9634F4FC2983E34C004AA66F /* GNBCurrencyRatesList+Mock.swift */,
			);
			path = RawData;
			sourceTree = "<group>";
		};
		9634F5062983F8ED004AA66F /* Presentation */ = {
			isa = PBXGroup;
			children = (
				9634F5072983F912004AA66F /* Features */,
			);
			path = Presentation;
			sourceTree = "<group>";
		};
		9634F5072983F912004AA66F /* Features */ = {
			isa = PBXGroup;
			children = (
				9634F5082983F930004AA66F /* ProductSelection */,
				9634F50B29841808004AA66F /* ProductDetail */,
			);
			path = Features;
			sourceTree = "<group>";
		};
		9634F5082983F930004AA66F /* ProductSelection */ = {
			isa = PBXGroup;
			children = (
				9634F5092983F956004AA66F /* GNBProductSelectionViewModel+Test.swift */,
			);
			path = ProductSelection;
			sourceTree = "<group>";
		};
		9634F50B29841808004AA66F /* ProductDetail */ = {
			isa = PBXGroup;
			children = (
				9634F50C2984183E004AA66F /* GNBProductDetailViewModel+Test.swift */,
			);
			path = ProductDetail;
			sourceTree = "<group>";
		};
		9634F50E2985BBB6004AA66F /* HappyPath */ = {
			isa = PBXGroup;
			children = (
				9634F50F2985BBE9004AA66F /* GNBHappyPath+UITest.swift */,
			);
			path = HappyPath;
			sourceTree = "<group>";
		};
/* End PBXGroup section */

/* Begin PBXNativeTarget section */
		9634F43D2980584A004AA66F /* GoliathNationalBankTrades */ = {
			isa = PBXNativeTarget;
			buildConfigurationList = 9634F4682980584C004AA66F /* Build configuration list for PBXNativeTarget "GoliathNationalBankTrades" */;
			buildPhases = (
				9634F43A2980584A004AA66F /* Sources */,
				9634F43B2980584A004AA66F /* Frameworks */,
				9634F43C2980584A004AA66F /* Resources */,
			);
			buildRules = (
			);
			dependencies = (
			);
			name = GoliathNationalBankTrades;
			productName = GoliathNationalBankTrades;
			productReference = 9634F43E2980584A004AA66F /* GoliathNationalBankTrades.app */;
			productType = "com.apple.product-type.application";
		};
		9634F4532980584C004AA66F /* GoliathNationalBankTradesTests */ = {
			isa = PBXNativeTarget;
			buildConfigurationList = 9634F46B2980584C004AA66F /* Build configuration list for PBXNativeTarget "GoliathNationalBankTradesTests" */;
			buildPhases = (
				9634F4502980584C004AA66F /* Sources */,
				9634F4512980584C004AA66F /* Frameworks */,
				9634F4522980584C004AA66F /* Resources */,
			);
			buildRules = (
			);
			dependencies = (
				9634F4562980584C004AA66F /* PBXTargetDependency */,
			);
			name = GoliathNationalBankTradesTests;
			productName = GoliathNationalBankTradesTests;
			productReference = 9634F4542980584C004AA66F /* GoliathNationalBankTradesTests.xctest */;
			productType = "com.apple.product-type.bundle.unit-test";
		};
		9634F45D2980584C004AA66F /* GoliathNationalBankTradesUITests */ = {
			isa = PBXNativeTarget;
			buildConfigurationList = 9634F46E2980584C004AA66F /* Build configuration list for PBXNativeTarget "GoliathNationalBankTradesUITests" */;
			buildPhases = (
				9634F45A2980584C004AA66F /* Sources */,
				9634F45B2980584C004AA66F /* Frameworks */,
				9634F45C2980584C004AA66F /* Resources */,
			);
			buildRules = (
			);
			dependencies = (
				9634F4602980584C004AA66F /* PBXTargetDependency */,
			);
			name = GoliathNationalBankTradesUITests;
			productName = GoliathNationalBankTradesUITests;
			productReference = 9634F45E2980584C004AA66F /* GoliathNationalBankTradesUITests.xctest */;
			productType = "com.apple.product-type.bundle.ui-testing";
		};
/* End PBXNativeTarget section */

/* Begin PBXProject section */
		9634F4362980584A004AA66F /* Project object */ = {
			isa = PBXProject;
			attributes = {
				BuildIndependentTargetsInParallel = 1;
				LastSwiftUpdateCheck = 1420;
				LastUpgradeCheck = 1420;
				TargetAttributes = {
					9634F43D2980584A004AA66F = {
						CreatedOnToolsVersion = 14.2;
					};
					9634F4532980584C004AA66F = {
						CreatedOnToolsVersion = 14.2;
						TestTargetID = 9634F43D2980584A004AA66F;
					};
					9634F45D2980584C004AA66F = {
						CreatedOnToolsVersion = 14.2;
						TestTargetID = 9634F43D2980584A004AA66F;
					};
				};
			};
			buildConfigurationList = 9634F4392980584A004AA66F /* Build configuration list for PBXProject "GoliathNationalBankTrades" */;
			compatibilityVersion = "Xcode 14.0";
			developmentRegion = en;
			hasScannedForEncodings = 0;
			knownRegions = (
				en,
				Base,
			);
			mainGroup = 9634F4352980584A004AA66F;
			productRefGroup = 9634F43F2980584A004AA66F /* Products */;
			projectDirPath = "";
			projectRoot = "";
			targets = (
				9634F43D2980584A004AA66F /* GoliathNationalBankTrades */,
				9634F4532980584C004AA66F /* GoliathNationalBankTradesTests */,
				9634F45D2980584C004AA66F /* GoliathNationalBankTradesUITests */,
			);
		};
/* End PBXProject section */

/* Begin PBXResourcesBuildPhase section */
		9634F43C2980584A004AA66F /* Resources */ = {
			isa = PBXResourcesBuildPhase;
			buildActionMask = 2147483647;
			files = (
				9634F44E2980584C004AA66F /* LaunchScreen.storyboard in Resources */,
				9634F44B2980584C004AA66F /* Assets.xcassets in Resources */,
			);
			runOnlyForDeploymentPostprocessing = 0;
		};
		9634F4522980584C004AA66F /* Resources */ = {
			isa = PBXResourcesBuildPhase;
			buildActionMask = 2147483647;
			files = (
			);
			runOnlyForDeploymentPostprocessing = 0;
		};
		9634F45C2980584C004AA66F /* Resources */ = {
			isa = PBXResourcesBuildPhase;
			buildActionMask = 2147483647;
			files = (
			);
			runOnlyForDeploymentPostprocessing = 0;
		};
/* End PBXResourcesBuildPhase section */

/* Begin PBXSourcesBuildPhase section */
		9634F43A2980584A004AA66F /* Sources */ = {
			isa = PBXSourcesBuildPhase;
			buildActionMask = 2147483647;
			files = (
				9634F4A22981E317004AA66F /* GNBProductSelectorCell.swift in Sources */,
				9634F5122985D77B004AA66F /* GNBCurrency+Entity.swift in Sources */,
				9634F4882981998F004AA66F /* GNBProductTransactions+Repository.swift in Sources */,
				9634F48029807294004AA66F /* GNBProductTransactionList+Decodable.swift in Sources */,
				9634F4B22982850D004AA66F /* GNBSpinnerViewController+Constraints.swift in Sources */,
				9634F4A929828003004AA66F /* GNBBaseViewController.swift in Sources */,
				9634F4D22982E241004AA66F /* GNBProductDetailViewController+Datasource.swift in Sources */,
				9634F4912981A0D5004AA66F /* GNBTransaction+Entity.swift in Sources */,
				9634F4D92982E6D0004AA66F /* GNBProductTransactionCell+Constraints.swift in Sources */,
				9634F4992981C093004AA66F /* GNBProductSelectionViewController+Constraints.swift in Sources */,
				9634F4CA2982CA38004AA66F /* GNBProductDetailViewController+Constants.swift in Sources */,
				9634F4AF29828499004AA66F /* GNBSpinnerViewController.swift in Sources */,
				9634F4D72982E6C6004AA66F /* GNBProductTransactionCell+Constants.swift in Sources */,
				9634F4832980745C004AA66F /* GNBCurrencyRates+Entity.swift in Sources */,
				9634F4462980584B004AA66F /* GNBProductSelectionViewController.swift in Sources */,
				9634F4ED298335D5004AA66F /* GNBCurrencyRates+UseCase.swift in Sources */,
				9634F4E329832504004AA66F /* GNBCurrencyRates+Repository.swift in Sources */,
				9634F48B29819BC8004AA66F /* GNBProductTransactions+UseCase.swift in Sources */,
				9634F4422980584B004AA66F /* AppDelegate.swift in Sources */,
				9634F47E298070DD004AA66F /* GNBCurrencyRates+Decodable.swift in Sources */,
				9634F4E6298334C8004AA66F /* GNBCurrencyRatesList+Decodable.swift in Sources */,
				9634F4BE2982B9C1004AA66F /* MainCoordinator.swift in Sources */,
				9634F4BA2982A0D9004AA66F /* Array+RemoveDuplicates.swift in Sources */,
				9634F4CF2982D677004AA66F /* GNBProductDetailViewController+Constraints.swift in Sources */,
				9634F47929805CC7004AA66F /* Boxing.swift in Sources */,
				9634F49F2981C246004AA66F /* GNBProductSelectionModel.swift in Sources */,
				9634F48D29819F05004AA66F /* GNBTransaction+Decodable.swift in Sources */,
				9634F4E829833536004AA66F /* GNBCurrencyRatesList+Entity.swift in Sources */,
				9634F49D2981C135004AA66F /* GNBProductSelectionViewController+Datasource.swift in Sources */,
				9634F4B82982A08C004AA66F /* UIView+SafeAnchor.swift in Sources */,
				9634F47B29806C64004AA66F /* GNBEndpoint.swift in Sources */,
				9634F4852980746D004AA66F /* GNBProductTransactionList+Entity.swift in Sources */,
				9634F4442980584B004AA66F /* SceneDelegate.swift in Sources */,
				9634F4DB2982EE32004AA66F /* GNBProductDetailModel.swift in Sources */,
				9634F4C02982BFF5004AA66F /* GNBProductSelectionViewController+Constants.swift in Sources */,
				9634F4CD2982D461004AA66F /* GNBProductDetailBalanceView.swift in Sources */,
				9634F4BC2982A20E004AA66F /* GNBError.swift in Sources */,
				9634F4C62982C868004AA66F /* GNBProductDetailViewController.swift in Sources */,
				9634F4E1298312F2004AA66F /* GNBTransactionCurrencyConversionModel.swift in Sources */,
				9634F4B4298288AC004AA66F /* GNBSpinnerViewController+Constants.swift in Sources */,
				9634F4A62981E355004AA66F /* GNBProductSelectorCell+Constants.swift in Sources */,
				9634F4DD29830FB2004AA66F /* GNBProductDetailBalanceView+Constraints.swift in Sources */,
				9634F4AD2982826C004AA66F /* LoadingStatus.swift in Sources */,
				9634F49B2981C12A004AA66F /* GNBProductSelectionViewController+Delegate.swift in Sources */,
				9634F4F129835396004AA66F /* Double+FormatNumberToString.swift in Sources */,
				9634F4D52982E66D004AA66F /* GNBProductTransactionCell.swift in Sources */,
				9634F4972981BBE1004AA66F /* GNBProductSelectionViewModel.swift in Sources */,
				9634F4C82982C873004AA66F /* GNBProductDetailViewModel.swift in Sources */,
				9634F4DF29830FED004AA66F /* GNBProductDetailBalanceView+Constants.swift in Sources */,
				9634F4A42981E34D004AA66F /* GNBProductSelectorCell+Constraints.swift in Sources */,
			);
			runOnlyForDeploymentPostprocessing = 0;
		};
		9634F4502980584C004AA66F /* Sources */ = {
			isa = PBXSourcesBuildPhase;
			buildActionMask = 2147483647;
			files = (
				9634F4F42983D849004AA66F /* GNBCurrencyRatesUseCase+Test.swift in Sources */,
				9634F5052983EA87004AA66F /* GNBProductTransactionsRepositorySuccess+Mock.swift in Sources */,
				9634F4592980584C004AA66F /* GoliathNationalBankTradesTests.swift in Sources */,
				9634F5012983E941004AA66F /* GNBProductTransactionsUseCase+Test.swift in Sources */,
				9634F5032983EA0E004AA66F /* GNBProductTransactionsRepositoryFailure+Mock.swift in Sources */,
				9634F50A2983F956004AA66F /* GNBProductSelectionViewModel+Test.swift in Sources */,
				9634F4FD2983E34C004AA66F /* GNBCurrencyRatesList+Mock.swift in Sources */,
				9634F4FF2983E820004AA66F /* GNBCurrencyRatesRepositoryFailure+Mock.swift in Sources */,
				9634F50D2984183E004AA66F /* GNBProductDetailViewModel+Test.swift in Sources */,
				9634F4FB2983D9EA004AA66F /* GNBProductTransactionList+Mock.swift in Sources */,
				9634F4F82983D90F004AA66F /* GNBCurrencyRatesRepositorySuccess+Mock.swift in Sources */,
			);
			runOnlyForDeploymentPostprocessing = 0;
		};
		9634F45A2980584C004AA66F /* Sources */ = {
			isa = PBXSourcesBuildPhase;
			buildActionMask = 2147483647;
			files = (
				9634F5102985BBE9004AA66F /* GNBHappyPath+UITest.swift in Sources */,
				9634F4652980584C004AA66F /* GoliathNationalBankTradesUITestsLaunchTests.swift in Sources */,
				9634F4632980584C004AA66F /* GoliathNationalBankTradesUITests.swift in Sources */,
			);
			runOnlyForDeploymentPostprocessing = 0;
		};
/* End PBXSourcesBuildPhase section */

/* Begin PBXTargetDependency section */
		9634F4562980584C004AA66F /* PBXTargetDependency */ = {
			isa = PBXTargetDependency;
			target = 9634F43D2980584A004AA66F /* GoliathNationalBankTrades */;
			targetProxy = 9634F4552980584C004AA66F /* PBXContainerItemProxy */;
		};
		9634F4602980584C004AA66F /* PBXTargetDependency */ = {
			isa = PBXTargetDependency;
			target = 9634F43D2980584A004AA66F /* GoliathNationalBankTrades */;
			targetProxy = 9634F45F2980584C004AA66F /* PBXContainerItemProxy */;
		};
/* End PBXTargetDependency section */

/* Begin PBXVariantGroup section */
		9634F44C2980584C004AA66F /* LaunchScreen.storyboard */ = {
			isa = PBXVariantGroup;
			children = (
				9634F44D2980584C004AA66F /* Base */,
			);
			name = LaunchScreen.storyboard;
			sourceTree = "<group>";
		};
/* End PBXVariantGroup section */

/* Begin XCBuildConfiguration section */
		9634F4662980584C004AA66F /* Debug */ = {
			isa = XCBuildConfiguration;
			buildSettings = {
				ALWAYS_SEARCH_USER_PATHS = NO;
				CLANG_ANALYZER_NONNULL = YES;
				CLANG_ANALYZER_NUMBER_OBJECT_CONVERSION = YES_AGGRESSIVE;
				CLANG_CXX_LANGUAGE_STANDARD = "gnu++20";
				CLANG_ENABLE_MODULES = YES;
				CLANG_ENABLE_OBJC_ARC = YES;
				CLANG_ENABLE_OBJC_WEAK = YES;
				CLANG_WARN_BLOCK_CAPTURE_AUTORELEASING = YES;
				CLANG_WARN_BOOL_CONVERSION = YES;
				CLANG_WARN_COMMA = YES;
				CLANG_WARN_CONSTANT_CONVERSION = YES;
				CLANG_WARN_DEPRECATED_OBJC_IMPLEMENTATIONS = YES;
				CLANG_WARN_DIRECT_OBJC_ISA_USAGE = YES_ERROR;
				CLANG_WARN_DOCUMENTATION_COMMENTS = YES;
				CLANG_WARN_EMPTY_BODY = YES;
				CLANG_WARN_ENUM_CONVERSION = YES;
				CLANG_WARN_INFINITE_RECURSION = YES;
				CLANG_WARN_INT_CONVERSION = YES;
				CLANG_WARN_NON_LITERAL_NULL_CONVERSION = YES;
				CLANG_WARN_OBJC_IMPLICIT_RETAIN_SELF = YES;
				CLANG_WARN_OBJC_LITERAL_CONVERSION = YES;
				CLANG_WARN_OBJC_ROOT_CLASS = YES_ERROR;
				CLANG_WARN_QUOTED_INCLUDE_IN_FRAMEWORK_HEADER = YES;
				CLANG_WARN_RANGE_LOOP_ANALYSIS = YES;
				CLANG_WARN_STRICT_PROTOTYPES = YES;
				CLANG_WARN_SUSPICIOUS_MOVE = YES;
				CLANG_WARN_UNGUARDED_AVAILABILITY = YES_AGGRESSIVE;
				CLANG_WARN_UNREACHABLE_CODE = YES;
				CLANG_WARN__DUPLICATE_METHOD_MATCH = YES;
				COPY_PHASE_STRIP = NO;
				DEBUG_INFORMATION_FORMAT = dwarf;
				ENABLE_STRICT_OBJC_MSGSEND = YES;
				ENABLE_TESTABILITY = YES;
				GCC_C_LANGUAGE_STANDARD = gnu11;
				GCC_DYNAMIC_NO_PIC = NO;
				GCC_NO_COMMON_BLOCKS = YES;
				GCC_OPTIMIZATION_LEVEL = 0;
				GCC_PREPROCESSOR_DEFINITIONS = (
					"DEBUG=1",
					"$(inherited)",
				);
				GCC_WARN_64_TO_32_BIT_CONVERSION = YES;
				GCC_WARN_ABOUT_RETURN_TYPE = YES_ERROR;
				GCC_WARN_UNDECLARED_SELECTOR = YES;
				GCC_WARN_UNINITIALIZED_AUTOS = YES_AGGRESSIVE;
				GCC_WARN_UNUSED_FUNCTION = YES;
				GCC_WARN_UNUSED_VARIABLE = YES;
				IPHONEOS_DEPLOYMENT_TARGET = 16.2;
				MTL_ENABLE_DEBUG_INFO = INCLUDE_SOURCE;
				MTL_FAST_MATH = YES;
				ONLY_ACTIVE_ARCH = YES;
				SDKROOT = iphoneos;
				SWIFT_ACTIVE_COMPILATION_CONDITIONS = DEBUG;
				SWIFT_OPTIMIZATION_LEVEL = "-Onone";
			};
			name = Debug;
		};
		9634F4672980584C004AA66F /* Release */ = {
			isa = XCBuildConfiguration;
			buildSettings = {
				ALWAYS_SEARCH_USER_PATHS = NO;
				CLANG_ANALYZER_NONNULL = YES;
				CLANG_ANALYZER_NUMBER_OBJECT_CONVERSION = YES_AGGRESSIVE;
				CLANG_CXX_LANGUAGE_STANDARD = "gnu++20";
				CLANG_ENABLE_MODULES = YES;
				CLANG_ENABLE_OBJC_ARC = YES;
				CLANG_ENABLE_OBJC_WEAK = YES;
				CLANG_WARN_BLOCK_CAPTURE_AUTORELEASING = YES;
				CLANG_WARN_BOOL_CONVERSION = YES;
				CLANG_WARN_COMMA = YES;
				CLANG_WARN_CONSTANT_CONVERSION = YES;
				CLANG_WARN_DEPRECATED_OBJC_IMPLEMENTATIONS = YES;
				CLANG_WARN_DIRECT_OBJC_ISA_USAGE = YES_ERROR;
				CLANG_WARN_DOCUMENTATION_COMMENTS = YES;
				CLANG_WARN_EMPTY_BODY = YES;
				CLANG_WARN_ENUM_CONVERSION = YES;
				CLANG_WARN_INFINITE_RECURSION = YES;
				CLANG_WARN_INT_CONVERSION = YES;
				CLANG_WARN_NON_LITERAL_NULL_CONVERSION = YES;
				CLANG_WARN_OBJC_IMPLICIT_RETAIN_SELF = YES;
				CLANG_WARN_OBJC_LITERAL_CONVERSION = YES;
				CLANG_WARN_OBJC_ROOT_CLASS = YES_ERROR;
				CLANG_WARN_QUOTED_INCLUDE_IN_FRAMEWORK_HEADER = YES;
				CLANG_WARN_RANGE_LOOP_ANALYSIS = YES;
				CLANG_WARN_STRICT_PROTOTYPES = YES;
				CLANG_WARN_SUSPICIOUS_MOVE = YES;
				CLANG_WARN_UNGUARDED_AVAILABILITY = YES_AGGRESSIVE;
				CLANG_WARN_UNREACHABLE_CODE = YES;
				CLANG_WARN__DUPLICATE_METHOD_MATCH = YES;
				COPY_PHASE_STRIP = NO;
				DEBUG_INFORMATION_FORMAT = "dwarf-with-dsym";
				ENABLE_NS_ASSERTIONS = NO;
				ENABLE_STRICT_OBJC_MSGSEND = YES;
				GCC_C_LANGUAGE_STANDARD = gnu11;
				GCC_NO_COMMON_BLOCKS = YES;
				GCC_WARN_64_TO_32_BIT_CONVERSION = YES;
				GCC_WARN_ABOUT_RETURN_TYPE = YES_ERROR;
				GCC_WARN_UNDECLARED_SELECTOR = YES;
				GCC_WARN_UNINITIALIZED_AUTOS = YES_AGGRESSIVE;
				GCC_WARN_UNUSED_FUNCTION = YES;
				GCC_WARN_UNUSED_VARIABLE = YES;
				IPHONEOS_DEPLOYMENT_TARGET = 16.2;
				MTL_ENABLE_DEBUG_INFO = NO;
				MTL_FAST_MATH = YES;
				SDKROOT = iphoneos;
				SWIFT_COMPILATION_MODE = wholemodule;
				SWIFT_OPTIMIZATION_LEVEL = "-O";
				VALIDATE_PRODUCT = YES;
			};
			name = Release;
		};
		9634F4692980584C004AA66F /* Debug */ = {
			isa = XCBuildConfiguration;
			buildSettings = {
				ASSETCATALOG_COMPILER_APPICON_NAME = AppIcon;
				ASSETCATALOG_COMPILER_GLOBAL_ACCENT_COLOR_NAME = AccentColor;
				CODE_SIGN_STYLE = Automatic;
				CURRENT_PROJECT_VERSION = 1;
				DEVELOPMENT_TEAM = 4B2GX9YW44;
				GENERATE_INFOPLIST_FILE = YES;
				INFOPLIST_FILE = GoliathNationalBankTrades/Info.plist;
				INFOPLIST_KEY_UIApplicationSupportsIndirectInputEvents = YES;
				INFOPLIST_KEY_UILaunchStoryboardName = LaunchScreen;
				INFOPLIST_KEY_UISupportedInterfaceOrientations_iPad = "UIInterfaceOrientationPortrait UIInterfaceOrientationPortraitUpsideDown UIInterfaceOrientationLandscapeLeft UIInterfaceOrientationLandscapeRight";
				INFOPLIST_KEY_UISupportedInterfaceOrientations_iPhone = "UIInterfaceOrientationPortrait UIInterfaceOrientationLandscapeLeft UIInterfaceOrientationLandscapeRight";
				IPHONEOS_DEPLOYMENT_TARGET = 14.0;
				LD_RUNPATH_SEARCH_PATHS = (
					"$(inherited)",
					"@executable_path/Frameworks",
				);
				MARKETING_VERSION = 1.0;
				PRODUCT_BUNDLE_IDENTIFIER = com.jorgearacilgomez.GoliathNationalBankTrades;
				PRODUCT_NAME = "$(TARGET_NAME)";
				SWIFT_EMIT_LOC_STRINGS = YES;
				SWIFT_VERSION = 5.0;
				TARGETED_DEVICE_FAMILY = "1,2";
			};
			name = Debug;
		};
		9634F46A2980584C004AA66F /* Release */ = {
			isa = XCBuildConfiguration;
			buildSettings = {
				ASSETCATALOG_COMPILER_APPICON_NAME = AppIcon;
				ASSETCATALOG_COMPILER_GLOBAL_ACCENT_COLOR_NAME = AccentColor;
				CODE_SIGN_STYLE = Automatic;
				CURRENT_PROJECT_VERSION = 1;
				DEVELOPMENT_TEAM = 4B2GX9YW44;
				GENERATE_INFOPLIST_FILE = YES;
				INFOPLIST_FILE = GoliathNationalBankTrades/Info.plist;
				INFOPLIST_KEY_UIApplicationSupportsIndirectInputEvents = YES;
				INFOPLIST_KEY_UILaunchStoryboardName = LaunchScreen;
				INFOPLIST_KEY_UISupportedInterfaceOrientations_iPad = "UIInterfaceOrientationPortrait UIInterfaceOrientationPortraitUpsideDown UIInterfaceOrientationLandscapeLeft UIInterfaceOrientationLandscapeRight";
				INFOPLIST_KEY_UISupportedInterfaceOrientations_iPhone = "UIInterfaceOrientationPortrait UIInterfaceOrientationLandscapeLeft UIInterfaceOrientationLandscapeRight";
				IPHONEOS_DEPLOYMENT_TARGET = 14.0;
				LD_RUNPATH_SEARCH_PATHS = (
					"$(inherited)",
					"@executable_path/Frameworks",
				);
				MARKETING_VERSION = 1.0;
				PRODUCT_BUNDLE_IDENTIFIER = com.jorgearacilgomez.GoliathNationalBankTrades;
				PRODUCT_NAME = "$(TARGET_NAME)";
				SWIFT_EMIT_LOC_STRINGS = YES;
				SWIFT_VERSION = 5.0;
				TARGETED_DEVICE_FAMILY = "1,2";
			};
			name = Release;
		};
		9634F46C2980584C004AA66F /* Debug */ = {
			isa = XCBuildConfiguration;
			buildSettings = {
				ALWAYS_EMBED_SWIFT_STANDARD_LIBRARIES = YES;
				BUNDLE_LOADER = "$(TEST_HOST)";
				CODE_SIGN_STYLE = Automatic;
				CURRENT_PROJECT_VERSION = 1;
				DEVELOPMENT_TEAM = 4B2GX9YW44;
				GENERATE_INFOPLIST_FILE = YES;
				IPHONEOS_DEPLOYMENT_TARGET = 16.2;
				MARKETING_VERSION = 1.0;
				PRODUCT_BUNDLE_IDENTIFIER = com.jorgearacilgomez.GoliathNationalBankTradesTests;
				PRODUCT_NAME = "$(TARGET_NAME)";
				SWIFT_EMIT_LOC_STRINGS = NO;
				SWIFT_VERSION = 5.0;
				TARGETED_DEVICE_FAMILY = "1,2";
				TEST_HOST = "$(BUILT_PRODUCTS_DIR)/GoliathNationalBankTrades.app/$(BUNDLE_EXECUTABLE_FOLDER_PATH)/GoliathNationalBankTrades";
			};
			name = Debug;
		};
		9634F46D2980584C004AA66F /* Release */ = {
			isa = XCBuildConfiguration;
			buildSettings = {
				ALWAYS_EMBED_SWIFT_STANDARD_LIBRARIES = YES;
				BUNDLE_LOADER = "$(TEST_HOST)";
				CODE_SIGN_STYLE = Automatic;
				CURRENT_PROJECT_VERSION = 1;
				DEVELOPMENT_TEAM = 4B2GX9YW44;
				GENERATE_INFOPLIST_FILE = YES;
				IPHONEOS_DEPLOYMENT_TARGET = 16.2;
				MARKETING_VERSION = 1.0;
				PRODUCT_BUNDLE_IDENTIFIER = com.jorgearacilgomez.GoliathNationalBankTradesTests;
				PRODUCT_NAME = "$(TARGET_NAME)";
				SWIFT_EMIT_LOC_STRINGS = NO;
				SWIFT_VERSION = 5.0;
				TARGETED_DEVICE_FAMILY = "1,2";
				TEST_HOST = "$(BUILT_PRODUCTS_DIR)/GoliathNationalBankTrades.app/$(BUNDLE_EXECUTABLE_FOLDER_PATH)/GoliathNationalBankTrades";
			};
			name = Release;
		};
		9634F46F2980584C004AA66F /* Debug */ = {
			isa = XCBuildConfiguration;
			buildSettings = {
				ALWAYS_EMBED_SWIFT_STANDARD_LIBRARIES = YES;
				CODE_SIGN_STYLE = Automatic;
				CURRENT_PROJECT_VERSION = 1;
				DEVELOPMENT_TEAM = 4B2GX9YW44;
				GENERATE_INFOPLIST_FILE = YES;
				MARKETING_VERSION = 1.0;
				PRODUCT_BUNDLE_IDENTIFIER = com.jorgearacilgomez.GoliathNationalBankTradesUITests;
				PRODUCT_NAME = "$(TARGET_NAME)";
				SWIFT_EMIT_LOC_STRINGS = NO;
				SWIFT_VERSION = 5.0;
				TARGETED_DEVICE_FAMILY = "1,2";
				TEST_TARGET_NAME = GoliathNationalBankTrades;
			};
			name = Debug;
		};
		9634F4702980584C004AA66F /* Release */ = {
			isa = XCBuildConfiguration;
			buildSettings = {
				ALWAYS_EMBED_SWIFT_STANDARD_LIBRARIES = YES;
				CODE_SIGN_STYLE = Automatic;
				CURRENT_PROJECT_VERSION = 1;
				DEVELOPMENT_TEAM = 4B2GX9YW44;
				GENERATE_INFOPLIST_FILE = YES;
				MARKETING_VERSION = 1.0;
				PRODUCT_BUNDLE_IDENTIFIER = com.jorgearacilgomez.GoliathNationalBankTradesUITests;
				PRODUCT_NAME = "$(TARGET_NAME)";
				SWIFT_EMIT_LOC_STRINGS = NO;
				SWIFT_VERSION = 5.0;
				TARGETED_DEVICE_FAMILY = "1,2";
				TEST_TARGET_NAME = GoliathNationalBankTrades;
			};
			name = Release;
		};
/* End XCBuildConfiguration section */

/* Begin XCConfigurationList section */
		9634F4392980584A004AA66F /* Build configuration list for PBXProject "GoliathNationalBankTrades" */ = {
			isa = XCConfigurationList;
			buildConfigurations = (
				9634F4662980584C004AA66F /* Debug */,
				9634F4672980584C004AA66F /* Release */,
			);
			defaultConfigurationIsVisible = 0;
			defaultConfigurationName = Release;
		};
		9634F4682980584C004AA66F /* Build configuration list for PBXNativeTarget "GoliathNationalBankTrades" */ = {
			isa = XCConfigurationList;
			buildConfigurations = (
				9634F4692980584C004AA66F /* Debug */,
				9634F46A2980584C004AA66F /* Release */,
			);
			defaultConfigurationIsVisible = 0;
			defaultConfigurationName = Release;
		};
		9634F46B2980584C004AA66F /* Build configuration list for PBXNativeTarget "GoliathNationalBankTradesTests" */ = {
			isa = XCConfigurationList;
			buildConfigurations = (
				9634F46C2980584C004AA66F /* Debug */,
				9634F46D2980584C004AA66F /* Release */,
			);
			defaultConfigurationIsVisible = 0;
			defaultConfigurationName = Release;
		};
		9634F46E2980584C004AA66F /* Build configuration list for PBXNativeTarget "GoliathNationalBankTradesUITests" */ = {
			isa = XCConfigurationList;
			buildConfigurations = (
				9634F46F2980584C004AA66F /* Debug */,
				9634F4702980584C004AA66F /* Release */,
			);
			defaultConfigurationIsVisible = 0;
			defaultConfigurationName = Release;
		};
/* End XCConfigurationList section */
	};
	rootObject = 9634F4362980584A004AA66F /* Project object */;
}
